
Microsoft Visual Studio Solution File, Format Version 12.00
# Visual Studio Version 16
VisualStudioVersion = 16.0.34601.136
MinimumVisualStudioVersion = 10.0.40219.1
Project("{2150E333-8FDC-42A3-9474-1A3956D46DE8}") = "Solution Items", "Solution Items", "{DC80E41E-D093-4422-801A-BBF7B3EA8F59}"
	ProjectSection(SolutionItems) = preProject
		convert.html = convert.html
		index.html = index.html
		..\..\..\OneDrive\Desktop\driving\p1.jpg = ..\..\..\OneDrive\Desktop\driving\p1.jpg
		..\..\..\OneDrive\Desktop\driving\p10.jpg = ..\..\..\OneDrive\Desktop\driving\p10.jpg
		..\..\..\OneDrive\Desktop\driving\p11.jpg = ..\..\..\OneDrive\Desktop\driving\p11.jpg
		..\..\..\OneDrive\Desktop\driving\p12.jpg = ..\..\..\OneDrive\Desktop\driving\p12.jpg
		..\..\..\OneDrive\Desktop\driving\p13.jpg = ..\..\..\OneDrive\Desktop\driving\p13.jpg
		..\..\..\OneDrive\Desktop\driving\p14.jpg = ..\..\..\OneDrive\Desktop\driving\p14.jpg
		..\..\..\OneDrive\Desktop\driving\p15.jpg = ..\..\..\OneDrive\Desktop\driving\p15.jpg
		..\..\..\OneDrive\Desktop\driving\p16.jpg = ..\..\..\OneDrive\Desktop\driving\p16.jpg
		..\..\..\OneDrive\Desktop\driving\p17.jpg = ..\..\..\OneDrive\Desktop\driving\p17.jpg
		..\..\..\OneDrive\Desktop\driving\p18.jpg = ..\..\..\OneDrive\Desktop\driving\p18.jpg
		..\..\..\OneDrive\Desktop\driving\p19.jpg = ..\..\..\OneDrive\Desktop\driving\p19.jpg
		..\..\..\OneDrive\Desktop\driving\p2.jpg = ..\..\..\OneDrive\Desktop\driving\p2.jpg
		..\..\..\OneDrive\Desktop\driving\p20.jpg = ..\..\..\OneDrive\Desktop\driving\p20.jpg
		..\..\..\OneDrive\Desktop\driving\p21.jpg = ..\..\..\OneDrive\Desktop\driving\p21.jpg
		..\..\..\OneDrive\Desktop\driving\p22.jpg = ..\..\..\OneDrive\Desktop\driving\p22.jpg
		..\..\..\OneDrive\Desktop\driving\p23.jpg = ..\..\..\OneDrive\Desktop\driving\p23.jpg
		..\..\..\OneDrive\Desktop\driving\p24.jpg = ..\..\..\OneDrive\Desktop\driving\p24.jpg
		..\..\..\OneDrive\Desktop\driving\p25.jpg = ..\..\..\OneDrive\Desktop\driving\p25.jpg
		..\..\..\OneDrive\Desktop\driving\p26.jpg = ..\..\..\OneDrive\Desktop\driving\p26.jpg
		..\..\..\OneDrive\Desktop\driving\p27.jpg = ..\..\..\OneDrive\Desktop\driving\p27.jpg
		..\..\..\OneDrive\Desktop\driving\p28.jpg = ..\..\..\OneDrive\Desktop\driving\p28.jpg
		..\..\..\OneDrive\Desktop\driving\p29.jpg = ..\..\..\OneDrive\Desktop\driving\p29.jpg
		..\..\..\OneDrive\Desktop\driving\p3.jpg = ..\..\..\OneDrive\Desktop\driving\p3.jpg
		..\..\..\OneDrive\Desktop\driving\p30.jpg = ..\..\..\OneDrive\Desktop\driving\p30.jpg
		..\..\..\OneDrive\Desktop\driving\p31.jpg = ..\..\..\OneDrive\Desktop\driving\p31.jpg
		..\..\..\OneDrive\Desktop\driving\p32.jpg = ..\..\..\OneDrive\Desktop\driving\p32.jpg
		..\..\..\OneDrive\Desktop\driving\p33.jpg = ..\..\..\OneDrive\Desktop\driving\p33.jpg
		..\..\..\OneDrive\Desktop\driving\p34.jpg = ..\..\..\OneDrive\Desktop\driving\p34.jpg
		..\..\..\OneDrive\Desktop\driving\p35.jpg = ..\..\..\OneDrive\Desktop\driving\p35.jpg
		..\..\..\OneDrive\Desktop\driving\p36.jpg = ..\..\..\OneDrive\Desktop\driving\p36.jpg
		..\..\..\OneDrive\Desktop\driving\p37.jpg = ..\..\..\OneDrive\Desktop\driving\p37.jpg
		..\..\..\OneDrive\Desktop\driving\p38.jpg = ..\..\..\OneDrive\Desktop\driving\p38.jpg
		..\..\..\OneDrive\Desktop\driving\p39.jpg = ..\..\..\OneDrive\Desktop\driving\p39.jpg
		..\..\..\OneDrive\Desktop\driving\p4.jpg = ..\..\..\OneDrive\Desktop\driving\p4.jpg
		..\..\..\OneDrive\Desktop\driving\p40.jpg = ..\..\..\OneDrive\Desktop\driving\p40.jpg
		..\..\..\OneDrive\Desktop\driving\p41.jpg = ..\..\..\OneDrive\Desktop\driving\p41.jpg
		..\..\..\OneDrive\Desktop\driving\p42.jpg = ..\..\..\OneDrive\Desktop\driving\p42.jpg
		..\..\..\OneDrive\Desktop\driving\p43.jpg = ..\..\..\OneDrive\Desktop\driving\p43.jpg
		..\..\..\OneDrive\Desktop\driving\p44.jpg = ..\..\..\OneDrive\Desktop\driving\p44.jpg
		..\..\..\OneDrive\Desktop\driving\p45.jpg = ..\..\..\OneDrive\Desktop\driving\p45.jpg
		..\..\..\OneDrive\Desktop\driving\p46.jpg = ..\..\..\OneDrive\Desktop\driving\p46.jpg
		..\..\..\OneDrive\Desktop\driving\p47.jpg = ..\..\..\OneDrive\Desktop\driving\p47.jpg
		..\..\..\OneDrive\Desktop\driving\p48.jpg = ..\..\..\OneDrive\Desktop\driving\p48.jpg
		..\..\..\OneDrive\Desktop\driving\p49.jpg = ..\..\..\OneDrive\Desktop\driving\p49.jpg
		..\..\..\OneDrive\Desktop\driving\p5.jpg = ..\..\..\OneDrive\Desktop\driving\p5.jpg
		..\..\..\OneDrive\Desktop\driving\p50.jpg = ..\..\..\OneDrive\Desktop\driving\p50.jpg
		..\..\..\OneDrive\Desktop\driving\p51.jpg = ..\..\..\OneDrive\Desktop\driving\p51.jpg
		..\..\..\OneDrive\Desktop\driving\p52.jpg = ..\..\..\OneDrive\Desktop\driving\p52.jpg
		..\..\..\OneDrive\Desktop\driving\p53.jpg = ..\..\..\OneDrive\Desktop\driving\p53.jpg
		..\..\..\OneDrive\Desktop\driving\p54.jpg = ..\..\..\OneDrive\Desktop\driving\p54.jpg
		..\..\..\OneDrive\Desktop\driving\p55.jpg = ..\..\..\OneDrive\Desktop\driving\p55.jpg
		..\..\..\OneDrive\Desktop\driving\p56.jpg = ..\..\..\OneDrive\Desktop\driving\p56.jpg
		..\..\..\OneDrive\Desktop\driving\p57.jpg = ..\..\..\OneDrive\Desktop\driving\p57.jpg
		..\..\..\OneDrive\Desktop\driving\p58.jpg = ..\..\..\OneDrive\Desktop\driving\p58.jpg
		..\..\..\OneDrive\Desktop\driving\p59.jpg = ..\..\..\OneDrive\Desktop\driving\p59.jpg
		..\..\..\OneDrive\Desktop\driving\p6.jpg = ..\..\..\OneDrive\Desktop\driving\p6.jpg
		..\..\..\OneDrive\Desktop\driving\p60.jpg = ..\..\..\OneDrive\Desktop\driving\p60.jpg
		..\..\..\OneDrive\Desktop\driving\p61.jpg = ..\..\..\OneDrive\Desktop\driving\p61.jpg
		..\..\..\OneDrive\Desktop\driving\p62.jpg = ..\..\..\OneDrive\Desktop\driving\p62.jpg
		..\..\..\OneDrive\Desktop\driving\p63.jpg = ..\..\..\OneDrive\Desktop\driving\p63.jpg
		..\..\..\OneDrive\Desktop\driving\p64.jpg = ..\..\..\OneDrive\Desktop\driving\p64.jpg
		..\..\..\OneDrive\Desktop\driving\p65.jpg = ..\..\..\OneDrive\Desktop\driving\p65.jpg
		..\..\..\OneDrive\Desktop\driving\p66.jpg = ..\..\..\OneDrive\Desktop\driving\p66.jpg
		..\..\..\OneDrive\Desktop\driving\p67.jpg = ..\..\..\OneDrive\Desktop\driving\p67.jpg
		..\..\..\OneDrive\Desktop\driving\p68.jpg = ..\..\..\OneDrive\Desktop\driving\p68.jpg
		..\..\..\OneDrive\Desktop\driving\p69.jpg = ..\..\..\OneDrive\Desktop\driving\p69.jpg
		..\..\..\OneDrive\Desktop\driving\p7.jpg = ..\..\..\OneDrive\Desktop\driving\p7.jpg
		..\..\..\OneDrive\Desktop\driving\p70.jpg = ..\..\..\OneDrive\Desktop\driving\p70.jpg
		..\..\..\OneDrive\Desktop\driving\p71.jpg = ..\..\..\OneDrive\Desktop\driving\p71.jpg
		..\..\..\OneDrive\Desktop\driving\p72.jpg = ..\..\..\OneDrive\Desktop\driving\p72.jpg
		..\..\..\OneDrive\Desktop\driving\p73.jpg = ..\..\..\OneDrive\Desktop\driving\p73.jpg
		..\..\..\OneDrive\Desktop\driving\p74.jpg = ..\..\..\OneDrive\Desktop\driving\p74.jpg
		..\..\..\OneDrive\Desktop\driving\p75.jpg = ..\..\..\OneDrive\Desktop\driving\p75.jpg
		..\..\..\OneDrive\Desktop\driving\p8.jpg = ..\..\..\OneDrive\Desktop\driving\p8.jpg
		..\..\..\OneDrive\Desktop\driving\p9.jpg = ..\..\..\OneDrive\Desktop\driving\p9.jpg
		..\..\..\OneDrive\Desktop\Question.xlsx = ..\..\..\OneDrive\Desktop\Question.xlsx
		questions.js = questions.js
		quiz.html = quiz.html
		Script.js = Script.js
		style.css = style.css
	EndProjectSection
EndProject
Global
	GlobalSection(SolutionProperties) = preSolution
		HideSolutionNode = FALSE
	EndGlobalSection
	GlobalSection(ExtensibilityGlobals) = postSolution
		SolutionGuid = {7D88234B-017F-49DD-A40F-AEFE533AA005}
	EndGlobalSection
EndGlobal
